
Microsoft Visual Studio Solution File, Format Version 12.00
Project("{FAE04EC0-301F-11D3-BF4B-00C04F79EFBC}") = "AdventOfCode2024", "AdventOfCode2024\AdventOfCode2024.csproj", "{DD97821C-76E5-4E66-BC8B-EC78CF6F9198}"
EndProject
Project("{FAE04EC0-301F-11D3-BF4B-00C04F79EFBC}") = "AdventOfCode2024.Test", "AdventOfCode2024.Test\AdventOfCode2024.Test.csproj", "{092F240B-B156-4D1B-8477-E18D272DBFAA}"
EndProject
Global
	GlobalSection(SolutionConfigurationPlatforms) = preSolution
		Debug|Any CPU = Debug|Any CPU
		Release|Any CPU = Release|Any CPU
	EndGlobalSection
	GlobalSection(ProjectConfigurationPlatforms) = postSolution
		{DD97821C-76E5-4E66-BC8B-EC78CF6F9198}.Debug|Any CPU.ActiveCfg = Debug|Any CPU
		{DD97821C-76E5-4E66-BC8B-EC78CF6F9198}.Debug|Any CPU.Build.0 = Debug|Any CPU
		{DD97821C-76E5-4E66-BC8B-EC78CF6F9198}.Release|Any CPU.ActiveCfg = Release|Any CPU
		{DD97821C-76E5-4E66-BC8B-EC78CF6F9198}.Release|Any CPU.Build.0 = Release|Any CPU
		{092F240B-B156-4D1B-8477-E18D272DBFAA}.Debug|Any CPU.ActiveCfg = Debug|Any CPU
		{092F240B-B156-4D1B-8477-E18D272DBFAA}.Debug|Any CPU.Build.0 = Debug|Any CPU
		{092F240B-B156-4D1B-8477-E18D272DBFAA}.Release|Any CPU.ActiveCfg = Release|Any CPU
		{092F240B-B156-4D1B-8477-E18D272DBFAA}.Release|Any CPU.Build.0 = Release|Any CPU
	EndGlobalSection
EndGlobal
